
Microsoft Visual Studio Solution File, Format Version 12.00
# Visual Studio Version 17
VisualStudioVersion = 17.5.002.0
MinimumVisualStudioVersion = 10.0.40219.1
Project("{9A19103F-16F7-4668-BE54-9A1E7A4F7556}") = "backend", "backend\backend.csproj", "{561695AE-DA27-43A6-9DE1-6ED721DD8FD2}"
EndProject
Global
	GlobalSection(SolutionConfigurationPlatforms) = preSolution
		Debug|Any CPU = Debug|Any CPU
		Release|Any CPU = Release|Any CPU
	EndGlobalSection
	GlobalSection(ProjectConfigurationPlatforms) = postSolution
		{561695AE-DA27-43A6-9DE1-6ED721DD8FD2}.Debug|Any CPU.ActiveCfg = Debug|Any CPU
		{561695AE-DA27-43A6-9DE1-6ED721DD8FD2}.Debug|Any CPU.Build.0 = Debug|Any CPU
		{561695AE-DA27-43A6-9DE1-6ED721DD8FD2}.Release|Any CPU.ActiveCfg = Release|Any CPU
		{561695AE-DA27-43A6-9DE1-6ED721DD8FD2}.Release|Any CPU.Build.0 = Release|Any CPU
	EndGlobalSection
	GlobalSection(SolutionProperties) = preSolution
		HideSolutionNode = FALSE
	EndGlobalSection
	GlobalSection(ExtensibilityGlobals) = postSolution
		SolutionGuid = {218674B2-8901-4DBF-B988-9B6CE57DA027}
	EndGlobalSection
EndGlobal
